
Microsoft Visual Studio Solution File, Format Version 12.00
# Visual Studio Version 17
VisualStudioVersion = 17.13.35818.85 d17.13
MinimumVisualStudioVersion = 10.0.40219.1
Project("{FAE04EC0-301F-11D3-BF4B-00C04F79EFBC}") = "App.Core", "..\App.Core\App.Core.csproj", "{E48FB6E0-F0AF-0B9E-B89E-4A90945B48BB}"
EndProject
Project("{FAE04EC0-301F-11D3-BF4B-00C04F79EFBC}") = "App.CLI", "..\App.CLI\App.CLI.csproj", "{9F3477CB-BC5A-A9DD-47CE-C28DF2D1F1A1}"
EndProject
Project("{FAE04EC0-301F-11D3-BF4B-00C04F79EFBC}") = "App.Tests", "..\App.Tests\App.Tests.csproj", "{7C53CAF4-5A51-76D6-75A4-EE72EB9050CF}"
EndProject
Global
	GlobalSection(SolutionConfigurationPlatforms) = preSolution
		Debug|Any CPU = Debug|Any CPU
		Release|Any CPU = Release|Any CPU
	EndGlobalSection
	GlobalSection(ProjectConfigurationPlatforms) = postSolution
		{E48FB6E0-F0AF-0B9E-B89E-4A90945B48BB}.Debug|Any CPU.ActiveCfg = Debug|Any CPU
		{E48FB6E0-F0AF-0B9E-B89E-4A90945B48BB}.Debug|Any CPU.Build.0 = Debug|Any CPU
		{E48FB6E0-F0AF-0B9E-B89E-4A90945B48BB}.Release|Any CPU.ActiveCfg = Release|Any CPU
		{E48FB6E0-F0AF-0B9E-B89E-4A90945B48BB}.Release|Any CPU.Build.0 = Release|Any CPU
		{9F3477CB-BC5A-A9DD-47CE-C28DF2D1F1A1}.Debug|Any CPU.ActiveCfg = Debug|Any CPU
		{9F3477CB-BC5A-A9DD-47CE-C28DF2D1F1A1}.Debug|Any CPU.Build.0 = Debug|Any CPU
		{9F3477CB-BC5A-A9DD-47CE-C28DF2D1F1A1}.Release|Any CPU.ActiveCfg = Release|Any CPU
		{9F3477CB-BC5A-A9DD-47CE-C28DF2D1F1A1}.Release|Any CPU.Build.0 = Release|Any CPU
		{7C53CAF4-5A51-76D6-75A4-EE72EB9050CF}.Debug|Any CPU.ActiveCfg = Debug|Any CPU
		{7C53CAF4-5A51-76D6-75A4-EE72EB9050CF}.Debug|Any CPU.Build.0 = Debug|Any CPU
		{7C53CAF4-5A51-76D6-75A4-EE72EB9050CF}.Release|Any CPU.ActiveCfg = Release|Any CPU
		{7C53CAF4-5A51-76D6-75A4-EE72EB9050CF}.Release|Any CPU.Build.0 = Release|Any CPU
	EndGlobalSection
	GlobalSection(SolutionProperties) = preSolution
		HideSolutionNode = FALSE
	EndGlobalSection
	GlobalSection(ExtensibilityGlobals) = postSolution
		SolutionGuid = {943A2336-A784-437A-B8DD-3A5017BEF9E8}
	EndGlobalSection
EndGlobal
